{
  "name": "bitrise-step-release-notes-extractor",
  "version": "0.0.1",
  "lockfileVersion": 1,
  "requires": true,
  "dependencies": {
    "changelog-parser": {
      "version": "2.8.0",
      "resolved": "https://registry.npmjs.org/changelog-parser/-/changelog-parser-2.8.0.tgz",
      "integrity": "sha512-ZtSwN0hY7t+WpvaXqqXz98RHCNhWX9HsvCRAv1aBLlqJ7BpKtqdM6Nu6JOiUhRAWR7Gov0aN0fUnmflTz0WgZg==",
      "requires": {
        "line-reader": "^0.2.4",
        "remove-markdown": "^0.2.2"
      }
    },
    "child-process": {
      "version": "1.0.2",
      "resolved": "https://registry.npmjs.org/child-process/-/child-process-1.0.2.tgz",
      "integrity": "sha1-mJdNx+0e5MYin44wX6cxOmiFp/I="
    },
    "line-reader": {
      "version": "0.2.4",
      "resolved": "https://registry.npmjs.org/line-reader/-/line-reader-0.2.4.tgz",
      "integrity": "sha1-xDkrWH3qOFgMlnhXDm6OSfzlJiI="
    },
    "remove-markdown": {
      "version": "0.2.2",
      "resolved": "https://registry.npmjs.org/remove-markdown/-/remove-markdown-0.2.2.tgz",
      "integrity": "sha1-ZrDO66n7d8qWNrsbAwfOIaMqEqY="
    }
  }
}
